
Microsoft Visual Studio Solution File, Format Version 12.00
# Visual Studio Version 17
VisualStudioVersion = 17.4.33122.133
MinimumVisualStudioVersion = 10.0.40219.1
Project("{FAE04EC0-301F-11D3-BF4B-00C04F79EFBC}") = "AccommodationAssistant.Presentation", "AccommodationAssistant.Presentation\AccommodationAssistant.Presentation.csproj", "{32FB8D0D-BAE0-4F0C-9052-DC209EAD5ADC}"
EndProject
Project("{FAE04EC0-301F-11D3-BF4B-00C04F79EFBC}") = "AccommodationAssistant.Domain", "AccommodationAssistant.Domain\AccommodationAssistant.Domain.csproj", "{90DC392E-00AD-4736-B023-2529C6679C27}"
EndProject
Project("{FAE04EC0-301F-11D3-BF4B-00C04F79EFBC}") = "AccommodationAssistant.Application", "AccommodationAssistant.Application\AccommodationAssistant.Application.csproj", "{1B59802B-B41C-4195-8E39-A41D44FAF61C}"
EndProject
Project("{FAE04EC0-301F-11D3-BF4B-00C04F79EFBC}") = "AccommodationAssistant.Persistence", "AccommodationAssistant.Persistence\AccommodationAssistant.Persistence.csproj", "{95176E94-1982-459C-AF24-1EEDFC701FEE}"
EndProject
Project("{FAE04EC0-301F-11D3-BF4B-00C04F79EFBC}") = "AccommodationAssistant.InfrastructureIoC", "AccommodationAssistant.InfrastructureIoC\AccommodationAssistant.InfrastructureIoC.csproj", "{432C6216-5591-4704-98FD-D84F670A01BA}"
EndProject
Global
	GlobalSection(SolutionConfigurationPlatforms) = preSolution
		Debug|Any CPU = Debug|Any CPU
		Release|Any CPU = Release|Any CPU
	EndGlobalSection
	GlobalSection(ProjectConfigurationPlatforms) = postSolution
		{32FB8D0D-BAE0-4F0C-9052-DC209EAD5ADC}.Debug|Any CPU.ActiveCfg = Debug|Any CPU
		{32FB8D0D-BAE0-4F0C-9052-DC209EAD5ADC}.Debug|Any CPU.Build.0 = Debug|Any CPU
		{32FB8D0D-BAE0-4F0C-9052-DC209EAD5ADC}.Release|Any CPU.ActiveCfg = Release|Any CPU
		{32FB8D0D-BAE0-4F0C-9052-DC209EAD5ADC}.Release|Any CPU.Build.0 = Release|Any CPU
		{90DC392E-00AD-4736-B023-2529C6679C27}.Debug|Any CPU.ActiveCfg = Debug|Any CPU
		{90DC392E-00AD-4736-B023-2529C6679C27}.Debug|Any CPU.Build.0 = Debug|Any CPU
		{90DC392E-00AD-4736-B023-2529C6679C27}.Release|Any CPU.ActiveCfg = Release|Any CPU
		{90DC392E-00AD-4736-B023-2529C6679C27}.Release|Any CPU.Build.0 = Release|Any CPU
		{1B59802B-B41C-4195-8E39-A41D44FAF61C}.Debug|Any CPU.ActiveCfg = Debug|Any CPU
		{1B59802B-B41C-4195-8E39-A41D44FAF61C}.Debug|Any CPU.Build.0 = Debug|Any CPU
		{1B59802B-B41C-4195-8E39-A41D44FAF61C}.Release|Any CPU.ActiveCfg = Release|Any CPU
		{1B59802B-B41C-4195-8E39-A41D44FAF61C}.Release|Any CPU.Build.0 = Release|Any CPU
		{95176E94-1982-459C-AF24-1EEDFC701FEE}.Debug|Any CPU.ActiveCfg = Debug|Any CPU
		{95176E94-1982-459C-AF24-1EEDFC701FEE}.Debug|Any CPU.Build.0 = Debug|Any CPU
		{95176E94-1982-459C-AF24-1EEDFC701FEE}.Release|Any CPU.ActiveCfg = Release|Any CPU
		{95176E94-1982-459C-AF24-1EEDFC701FEE}.Release|Any CPU.Build.0 = Release|Any CPU
		{432C6216-5591-4704-98FD-D84F670A01BA}.Debug|Any CPU.ActiveCfg = Debug|Any CPU
		{432C6216-5591-4704-98FD-D84F670A01BA}.Debug|Any CPU.Build.0 = Debug|Any CPU
		{432C6216-5591-4704-98FD-D84F670A01BA}.Release|Any CPU.ActiveCfg = Release|Any CPU
		{432C6216-5591-4704-98FD-D84F670A01BA}.Release|Any CPU.Build.0 = Release|Any CPU
	EndGlobalSection
	GlobalSection(SolutionProperties) = preSolution
		HideSolutionNode = FALSE
	EndGlobalSection
	GlobalSection(ExtensibilityGlobals) = postSolution
		SolutionGuid = {ACFDA9AB-B5EF-4E0E-AB58-7F54BE60189F}
	EndGlobalSection
EndGlobal
